// !$*UTF8*$!
{
	archiveVersion = 1;
	classes = {
	};
	objectVersion = 77;
	objects = {

/* Begin PBXBuildFile section */
		8B44A4F92E9D2AE300A0697A /* OpenAPIRuntime in Frameworks */ = {isa = PBXBuildFile; productRef = 8B44A4F82E9D2AE300A0697A /* OpenAPIRuntime */; };
		8B44A4FC2E9D2B0200A0697A /* OpenAPIURLSession in Frameworks */ = {isa = PBXBuildFile; productRef = 8B44A4FB2E9D2B0200A0697A /* OpenAPIURLSession */; };
/* End PBXBuildFile section */

/* Begin PBXContainerItemProxy section */
		8B44A4D62E9D289F00A0697A /* PBXContainerItemProxy */ = {
			isa = PBXContainerItemProxy;
			containerPortal = 8B44A4C02E9D289E00A0697A /* Project object */;
			proxyType = 1;
			remoteGlobalIDString = 8B44A4C72E9D289E00A0697A;
			remoteInfo = Trasnport;
		};
		8B44A4E02E9D289F00A0697A /* PBXContainerItemProxy */ = {
			isa = PBXContainerItemProxy;
			containerPortal = 8B44A4C02E9D289E00A0697A /* Project object */;
			proxyType = 1;
			remoteGlobalIDString = 8B44A4C72E9D289E00A0697A;
			remoteInfo = Trasnport;
		};
/* End PBXContainerItemProxy section */

/* Begin PBXFileReference section */
		8B44A4C82E9D289E00A0697A /* Trasnport.app */ = {isa = PBXFileReference; explicitFileType = wrapper.application; includeInIndex = 0; path = Trasnport.app; sourceTree = BUILT_PRODUCTS_DIR; };
		8B44A4D52E9D289F00A0697A /* TrasnportTests.xctest */ = {isa = PBXFileReference; explicitFileType = wrapper.cfbundle; includeInIndex = 0; path = TrasnportTests.xctest; sourceTree = BUILT_PRODUCTS_DIR; };
		8B44A4DF2E9D289F00A0697A /* TrasnportUITests.xctest */ = {isa = PBXFileReference; explicitFileType = wrapper.cfbundle; includeInIndex = 0; path = TrasnportUITests.xctest; sourceTree = BUILT_PRODUCTS_DIR; };
/* End PBXFileReference section */

/* Begin PBXFileSystemSynchronizedBuildFileExceptionSet section */
		8B1451BD2EA8F81700A77077 /* Exceptions for "Trasnport" folder in "Trasnport" target */ = {
			isa = PBXFileSystemSynchronizedBuildFileExceptionSet;
			membershipExceptions = (
				Info.plist,
			);
			target = 8B44A4C72E9D289E00A0697A /* Trasnport */;
		};
/* End PBXFileSystemSynchronizedBuildFileExceptionSet section */

/* Begin PBXFileSystemSynchronizedRootGroup section */
		8B44A4CA2E9D289E00A0697A /* Trasnport */ = {
			isa = PBXFileSystemSynchronizedRootGroup;
			exceptions = (
				8B1451BD2EA8F81700A77077 /* Exceptions for "Trasnport" folder in "Trasnport" target */,
			);
			path = Trasnport;
			sourceTree = "<group>";
		};
		8B44A4D82E9D289F00A0697A /* TrasnportTests */ = {
			isa = PBXFileSystemSynchronizedRootGroup;
			path = TrasnportTests;
			sourceTree = "<group>";
		};
		8B44A4E22E9D289F00A0697A /* TrasnportUITests */ = {
			isa = PBXFileSystemSynchronizedRootGroup;
			path = TrasnportUITests;
			sourceTree = "<group>";
		};
/* End PBXFileSystemSynchronizedRootGroup section */

/* Begin PBXFrameworksBuildPhase section */
		8B44A4C52E9D289E00A0697A /* Frameworks */ = {
			isa = PBXFrameworksBuildPhase;
			buildActionMask = 2147483647;
			files = (
				8B44A4FC2E9D2B0200A0697A /* OpenAPIURLSession in Frameworks */,
				8B44A4F92E9D2AE300A0697A /* OpenAPIRuntime in Frameworks */,
			);
			runOnlyForDeploymentPostprocessing = 0;
		};
		8B44A4D22E9D289F00A0697A /* Frameworks */ = {
			isa = PBXFrameworksBuildPhase;
			buildActionMask = 2147483647;
			files = (
			);
			runOnlyForDeploymentPostprocessing = 0;
		};
		8B44A4DC2E9D289F00A0697A /* Frameworks */ = {
			isa = PBXFrameworksBuildPhase;
			buildActionMask = 2147483647;
			files = (
			);
			runOnlyForDeploymentPostprocessing = 0;
		};
/* End PBXFrameworksBuildPhase section */

/* Begin PBXGroup section */
		8B44A4BF2E9D289E00A0697A = {
			isa = PBXGroup;
			children = (
				8B44A4CA2E9D289E00A0697A /* Trasnport */,
				8B44A4D82E9D289F00A0697A /* TrasnportTests */,
				8B44A4E22E9D289F00A0697A /* TrasnportUITests */,
				8B44A4C92E9D289E00A0697A /* Products */,
			);
			sourceTree = "<group>";
		};
		8B44A4C92E9D289E00A0697A /* Products */ = {
			isa = PBXGroup;
			children = (
				8B44A4C82E9D289E00A0697A /* Trasnport.app */,
				8B44A4D52E9D289F00A0697A /* TrasnportTests.xctest */,
				8B44A4DF2E9D289F00A0697A /* TrasnportUITests.xctest */,
			);
			name = Products;
			sourceTree = "<group>";
		};
/* End PBXGroup section */

/* Begin PBXNativeTarget section */
		8B44A4C72E9D289E00A0697A /* Trasnport */ = {
			isa = PBXNativeTarget;
			buildConfigurationList = 8B44A4E92E9D289F00A0697A /* Build configuration list for PBXNativeTarget "Trasnport" */;
			buildPhases = (
				8B44A4C42E9D289E00A0697A /* Sources */,
				8B44A4C52E9D289E00A0697A /* Frameworks */,
				8B44A4C62E9D289E00A0697A /* Resources */,
			);
			buildRules = (
			);
			dependencies = (
				8B44A5002E9D2B6C00A0697A /* PBXTargetDependency */,
			);
			fileSystemSynchronizedGroups = (
				8B44A4CA2E9D289E00A0697A /* Trasnport */,
			);
			name = Trasnport;
			packageProductDependencies = (
				8B44A4F82E9D2AE300A0697A /* OpenAPIRuntime */,
				8B44A4FB2E9D2B0200A0697A /* OpenAPIURLSession */,
			);
			productName = Trasnport;
			productReference = 8B44A4C82E9D289E00A0697A /* Trasnport.app */;
			productType = "com.apple.product-type.application";
		};
		8B44A4D42E9D289F00A0697A /* TrasnportTests */ = {
			isa = PBXNativeTarget;
			buildConfigurationList = 8B44A4EC2E9D289F00A0697A /* Build configuration list for PBXNativeTarget "TrasnportTests" */;
			buildPhases = (
				8B44A4D12E9D289F00A0697A /* Sources */,
				8B44A4D22E9D289F00A0697A /* Frameworks */,
				8B44A4D32E9D289F00A0697A /* Resources */,
			);
			buildRules = (
			);
			dependencies = (
				8B44A4D72E9D289F00A0697A /* PBXTargetDependency */,
			);
			fileSystemSynchronizedGroups = (
				8B44A4D82E9D289F00A0697A /* TrasnportTests */,
			);
			name = TrasnportTests;
			packageProductDependencies = (
			);
			productName = TrasnportTests;
			productReference = 8B44A4D52E9D289F00A0697A /* TrasnportTests.xctest */;
			productType = "com.apple.product-type.bundle.unit-test";
		};
		8B44A4DE2E9D289F00A0697A /* TrasnportUITests */ = {
			isa = PBXNativeTarget;
			buildConfigurationList = 8B44A4EF2E9D289F00A0697A /* Build configuration list for PBXNativeTarget "TrasnportUITests" */;
			buildPhases = (
				8B44A4DB2E9D289F00A0697A /* Sources */,
				8B44A4DC2E9D289F00A0697A /* Frameworks */,
				8B44A4DD2E9D289F00A0697A /* Resources */,
			);
			buildRules = (
			);
			dependencies = (
				8B44A4E12E9D289F00A0697A /* PBXTargetDependency */,
			);
			fileSystemSynchronizedGroups = (
				8B44A4E22E9D289F00A0697A /* TrasnportUITests */,
			);
			name = TrasnportUITests;
			packageProductDependencies = (
			);
			productName = TrasnportUITests;
			productReference = 8B44A4DF2E9D289F00A0697A /* TrasnportUITests.xctest */;
			productType = "com.apple.product-type.bundle.ui-testing";
		};
/* End PBXNativeTarget section */

/* Begin PBXProject section */
		8B44A4C02E9D289E00A0697A /* Project object */ = {
			isa = PBXProject;
			attributes = {
				BuildIndependentTargetsInParallel = 1;
				LastSwiftUpdateCheck = 1630;
				LastUpgradeCheck = 1630;
				TargetAttributes = {
					8B44A4C72E9D289E00A0697A = {
						CreatedOnToolsVersion = 16.3;
					};
					8B44A4D42E9D289F00A0697A = {
						CreatedOnToolsVersion = 16.3;
						TestTargetID = 8B44A4C72E9D289E00A0697A;
					};
					8B44A4DE2E9D289F00A0697A = {
						CreatedOnToolsVersion = 16.3;
						TestTargetID = 8B44A4C72E9D289E00A0697A;
					};
				};
			};
			buildConfigurationList = 8B44A4C32E9D289E00A0697A /* Build configuration list for PBXProject "Trasnport" */;
			developmentRegion = en;
			hasScannedForEncodings = 0;
			knownRegions = (
				en,
				Base,
			);
			mainGroup = 8B44A4BF2E9D289E00A0697A;
			minimizedProjectReferenceProxies = 1;
			packageReferences = (
				8B44A4F22E9D2AB300A0697A /* XCRemoteSwiftPackageReference "swift-openapi-generator" */,
				8B44A4F72E9D2AE300A0697A /* XCRemoteSwiftPackageReference "swift-openapi-runtime" */,
				8B44A4FA2E9D2B0200A0697A /* XCRemoteSwiftPackageReference "swift-openapi-urlsession" */,
			);
			preferredProjectObjectVersion = 77;
			productRefGroup = 8B44A4C92E9D289E00A0697A /* Products */;
			projectDirPath = "";
			projectRoot = "";
			targets = (
				8B44A4C72E9D289E00A0697A /* Trasnport */,
				8B44A4D42E9D289F00A0697A /* TrasnportTests */,
				8B44A4DE2E9D289F00A0697A /* TrasnportUITests */,
			);
		};
/* End PBXProject section */

/* Begin PBXResourcesBuildPhase section */
		8B44A4C62E9D289E00A0697A /* Resources */ = {
			isa = PBXResourcesBuildPhase;
			buildActionMask = 2147483647;
			files = (
			);
			runOnlyForDeploymentPostprocessing = 0;
		};
		8B44A4D32E9D289F00A0697A /* Resources */ = {
			isa = PBXResourcesBuildPhase;
			buildActionMask = 2147483647;
			files = (
			);
			runOnlyForDeploymentPostprocessing = 0;
		};
		8B44A4DD2E9D289F00A0697A /* Resources */ = {
			isa = PBXResourcesBuildPhase;
			buildActionMask = 2147483647;
			files = (
			);
			runOnlyForDeploymentPostprocessing = 0;
		};
/* End PBXResourcesBuildPhase section */

/* Begin PBXSourcesBuildPhase section */
		8B44A4C42E9D289E00A0697A /* Sources */ = {
			isa = PBXSourcesBuildPhase;
			buildActionMask = 2147483647;
			files = (
			);
			runOnlyForDeploymentPostprocessing = 0;
		};
		8B44A4D12E9D289F00A0697A /* Sources */ = {
			isa = PBXSourcesBuildPhase;
			buildActionMask = 2147483647;
			files = (
			);
			runOnlyForDeploymentPostprocessing = 0;
		};
		8B44A4DB2E9D289F00A0697A /* Sources */ = {
			isa = PBXSourcesBuildPhase;
			buildActionMask = 2147483647;
			files = (
			);
			runOnlyForDeploymentPostprocessing = 0;
		};
/* End PBXSourcesBuildPhase section */

/* Begin PBXTargetDependency section */
		8B44A4D72E9D289F00A0697A /* PBXTargetDependency */ = {
			isa = PBXTargetDependency;
			target = 8B44A4C72E9D289E00A0697A /* Trasnport */;
			targetProxy = 8B44A4D62E9D289F00A0697A /* PBXContainerItemProxy */;
		};
		8B44A4E12E9D289F00A0697A /* PBXTargetDependency */ = {
			isa = PBXTargetDependency;
			target = 8B44A4C72E9D289E00A0697A /* Trasnport */;
			targetProxy = 8B44A4E02E9D289F00A0697A /* PBXContainerItemProxy */;
		};
		8B44A5002E9D2B6C00A0697A /* PBXTargetDependency */ = {
			isa = PBXTargetDependency;
			productRef = 8B44A4FF2E9D2B6C00A0697A /* OpenAPIGenerator */;
		};
/* End PBXTargetDependency section */

/* Begin XCBuildConfiguration section */
		8B44A4E72E9D289F00A0697A /* Debug */ = {
			isa = XCBuildConfiguration;
			buildSettings = {
				ALWAYS_SEARCH_USER_PATHS = NO;
				ASSETCATALOG_COMPILER_GENERATE_SWIFT_ASSET_SYMBOL_EXTENSIONS = YES;
				CLANG_ANALYZER_NONNULL = YES;
				CLANG_ANALYZER_NUMBER_OBJECT_CONVERSION = YES_AGGRESSIVE;
				CLANG_CXX_LANGUAGE_STANDARD = "gnu++20";
				CLANG_ENABLE_MODULES = YES;
				CLANG_ENABLE_OBJC_ARC = YES;
				CLANG_ENABLE_OBJC_WEAK = YES;
				CLANG_WARN_BLOCK_CAPTURE_AUTORELEASING = YES;
				CLANG_WARN_BOOL_CONVERSION = YES;
				CLANG_WARN_COMMA = YES;
				CLANG_WARN_CONSTANT_CONVERSION = YES;
				CLANG_WARN_DEPRECATED_OBJC_IMPLEMENTATIONS = YES;
				CLANG_WARN_DIRECT_OBJC_ISA_USAGE = YES_ERROR;
				CLANG_WARN_DOCUMENTATION_COMMENTS = YES;
				CLANG_WARN_EMPTY_BODY = YES;
				CLANG_WARN_ENUM_CONVERSION = YES;
				CLANG_WARN_INFINITE_RECURSION = YES;
				CLANG_WARN_INT_CONVERSION = YES;
				CLANG_WARN_NON_LITERAL_NULL_CONVERSION = YES;
				CLANG_WARN_OBJC_IMPLICIT_RETAIN_SELF = YES;
				CLANG_WARN_OBJC_LITERAL_CONVERSION = YES;
				CLANG_WARN_OBJC_ROOT_CLASS = YES_ERROR;
				CLANG_WARN_QUOTED_INCLUDE_IN_FRAMEWORK_HEADER = YES;
				CLANG_WARN_RANGE_LOOP_ANALYSIS = YES;
				CLANG_WARN_STRICT_PROTOTYPES = YES;
				CLANG_WARN_SUSPICIOUS_MOVE = YES;
				CLANG_WARN_UNGUARDED_AVAILABILITY = YES_AGGRESSIVE;
				CLANG_WARN_UNREACHABLE_CODE = YES;
				CLANG_WARN__DUPLICATE_METHOD_MATCH = YES;
				COPY_PHASE_STRIP = NO;
				DEBUG_INFORMATION_FORMAT = dwarf;
				DEVELOPMENT_TEAM = AGM7Q5R798;
				ENABLE_STRICT_OBJC_MSGSEND = YES;
				ENABLE_TESTABILITY = YES;
				ENABLE_USER_SCRIPT_SANDBOXING = YES;
				GCC_C_LANGUAGE_STANDARD = gnu17;
				GCC_DYNAMIC_NO_PIC = NO;
				GCC_NO_COMMON_BLOCKS = YES;
				GCC_OPTIMIZATION_LEVEL = 0;
				GCC_PREPROCESSOR_DEFINITIONS = (
					"DEBUG=1",
					"$(inherited)",
				);
				GCC_WARN_64_TO_32_BIT_CONVERSION = YES;
				GCC_WARN_ABOUT_RETURN_TYPE = YES_ERROR;
				GCC_WARN_UNDECLARED_SELECTOR = YES;
				GCC_WARN_UNINITIALIZED_AUTOS = YES_AGGRESSIVE;
				GCC_WARN_UNUSED_FUNCTION = YES;
				GCC_WARN_UNUSED_VARIABLE = YES;
				IPHONEOS_DEPLOYMENT_TARGET = 18.4;
				LOCALIZATION_PREFERS_STRING_CATALOGS = YES;
				MTL_ENABLE_DEBUG_INFO = INCLUDE_SOURCE;
				MTL_FAST_MATH = YES;
				ONLY_ACTIVE_ARCH = YES;
				SDKROOT = iphoneos;
				SWIFT_ACTIVE_COMPILATION_CONDITIONS = "DEBUG $(inherited)";
				SWIFT_OPTIMIZATION_LEVEL = "-Onone";
			};
			name = Debug;
		};
		8B44A4E82E9D289F00A0697A /* Release */ = {
			isa = XCBuildConfiguration;
			buildSettings = {
				ALWAYS_SEARCH_USER_PATHS = NO;
				ASSETCATALOG_COMPILER_GENERATE_SWIFT_ASSET_SYMBOL_EXTENSIONS = YES;
				CLANG_ANALYZER_NONNULL = YES;
				CLANG_ANALYZER_NUMBER_OBJECT_CONVERSION = YES_AGGRESSIVE;
				CLANG_CXX_LANGUAGE_STANDARD = "gnu++20";
				CLANG_ENABLE_MODULES = YES;
				CLANG_ENABLE_OBJC_ARC = YES;
				CLANG_ENABLE_OBJC_WEAK = YES;
				CLANG_WARN_BLOCK_CAPTURE_AUTORELEASING = YES;
				CLANG_WARN_BOOL_CONVERSION = YES;
				CLANG_WARN_COMMA = YES;
				CLANG_WARN_CONSTANT_CONVERSION = YES;
				CLANG_WARN_DEPRECATED_OBJC_IMPLEMENTATIONS = YES;
				CLANG_WARN_DIRECT_OBJC_ISA_USAGE = YES_ERROR;
				CLANG_WARN_DOCUMENTATION_COMMENTS = YES;
				CLANG_WARN_EMPTY_BODY = YES;
				CLANG_WARN_ENUM_CONVERSION = YES;
				CLANG_WARN_INFINITE_RECURSION = YES;
				CLANG_WARN_INT_CONVERSION = YES;
				CLANG_WARN_NON_LITERAL_NULL_CONVERSION = YES;
				CLANG_WARN_OBJC_IMPLICIT_RETAIN_SELF = YES;
				CLANG_WARN_OBJC_LITERAL_CONVERSION = YES;
				CLANG_WARN_OBJC_ROOT_CLASS = YES_ERROR;
				CLANG_WARN_QUOTED_INCLUDE_IN_FRAMEWORK_HEADER = YES;
				CLANG_WARN_RANGE_LOOP_ANALYSIS = YES;
				CLANG_WARN_STRICT_PROTOTYPES = YES;
				CLANG_WARN_SUSPICIOUS_MOVE = YES;
				CLANG_WARN_UNGUARDED_AVAILABILITY = YES_AGGRESSIVE;
				CLANG_WARN_UNREACHABLE_CODE = YES;
				CLANG_WARN__DUPLICATE_METHOD_MATCH = YES;
				COPY_PHASE_STRIP = NO;
				DEBUG_INFORMATION_FORMAT = "dwarf-with-dsym";
				DEVELOPMENT_TEAM = AGM7Q5R798;
				ENABLE_NS_ASSERTIONS = NO;
				ENABLE_STRICT_OBJC_MSGSEND = YES;
				ENABLE_USER_SCRIPT_SANDBOXING = YES;
				GCC_C_LANGUAGE_STANDARD = gnu17;
				GCC_NO_COMMON_BLOCKS = YES;
				GCC_WARN_64_TO_32_BIT_CONVERSION = YES;
				GCC_WARN_ABOUT_RETURN_TYPE = YES_ERROR;
				GCC_WARN_UNDECLARED_SELECTOR = YES;
				GCC_WARN_UNINITIALIZED_AUTOS = YES_AGGRESSIVE;
				GCC_WARN_UNUSED_FUNCTION = YES;
				GCC_WARN_UNUSED_VARIABLE = YES;
				IPHONEOS_DEPLOYMENT_TARGET = 18.4;
				LOCALIZATION_PREFERS_STRING_CATALOGS = YES;
				MTL_ENABLE_DEBUG_INFO = NO;
				MTL_FAST_MATH = YES;
				SDKROOT = iphoneos;
				SWIFT_COMPILATION_MODE = wholemodule;
				VALIDATE_PRODUCT = YES;
			};
			name = Release;
		};
		8B44A4EA2E9D289F00A0697A /* Debug */ = {
			isa = XCBuildConfiguration;
			buildSettings = {
				ASSETCATALOG_COMPILER_APPICON_NAME = AppIcon;
				ASSETCATALOG_COMPILER_GLOBAL_ACCENT_COLOR_NAME = AccentColor;
				CODE_SIGN_STYLE = Automatic;
				CURRENT_PROJECT_VERSION = 1;
				DEVELOPMENT_TEAM = AGM7Q5R798;
				ENABLE_PREVIEWS = YES;
				GENERATE_INFOPLIST_FILE = YES;
				INFOPLIST_FILE = Trasnport/Info.plist;
				INFOPLIST_KEY_UIApplicationSceneManifest_Generation = YES;
				INFOPLIST_KEY_UIApplicationSupportsIndirectInputEvents = YES;
				INFOPLIST_KEY_UILaunchScreen_Generation = YES;
				INFOPLIST_KEY_UISupportedInterfaceOrientations = UIInterfaceOrientationPortrait;
				INFOPLIST_KEY_UISupportedInterfaceOrientations_iPad = "UIInterfaceOrientationLandscapeLeft UIInterfaceOrientationLandscapeRight UIInterfaceOrientationPortrait UIInterfaceOrientationPortraitUpsideDown";
				IPHONEOS_DEPLOYMENT_TARGET = 17.0;
				LD_RUNPATH_SEARCH_PATHS = (
					"$(inherited)",
					"@executable_path/Frameworks",
				);
				MARKETING_VERSION = 1.0;
				PRODUCT_BUNDLE_IDENTIFIER = ru.Yandex.Trasnport;
				PRODUCT_NAME = "$(TARGET_NAME)";
				SUPPORTED_PLATFORMS = "iphoneos iphonesimulator";
				SUPPORTS_MACCATALYST = NO;
				SUPPORTS_MAC_DESIGNED_FOR_IPHONE_IPAD = NO;
				SUPPORTS_XR_DESIGNED_FOR_IPHONE_IPAD = NO;
				SWIFT_EMIT_LOC_STRINGS = YES;
				SWIFT_VERSION = 5.0;
				TARGETED_DEVICE_FAMILY = 1;
			};
			name = Debug;
		};
		8B44A4EB2E9D289F00A0697A /* Release */ = {
			isa = XCBuildConfiguration;
			buildSettings = {
				ASSETCATALOG_COMPILER_APPICON_NAME = AppIcon;
				ASSETCATALOG_COMPILER_GLOBAL_ACCENT_COLOR_NAME = AccentColor;
				CODE_SIGN_STYLE = Automatic;
				CURRENT_PROJECT_VERSION = 1;
				DEVELOPMENT_TEAM = AGM7Q5R798;
				ENABLE_PREVIEWS = YES;
				GENERATE_INFOPLIST_FILE = YES;
				INFOPLIST_FILE = Trasnport/Info.plist;
				INFOPLIST_KEY_UIApplicationSceneManifest_Generation = YES;
				INFOPLIST_KEY_UIApplicationSupportsIndirectInputEvents = YES;
				INFOPLIST_KEY_UILaunchScreen_Generation = YES;
				INFOPLIST_KEY_UISupportedInterfaceOrientations = UIInterfaceOrientationPortrait;
				INFOPLIST_KEY_UISupportedInterfaceOrientations_iPad = "UIInterfaceOrientationLandscapeLeft UIInterfaceOrientationLandscapeRight UIInterfaceOrientationPortrait UIInterfaceOrientationPortraitUpsideDown";
				IPHONEOS_DEPLOYMENT_TARGET = 17.0;
				LD_RUNPATH_SEARCH_PATHS = (
					"$(inherited)",
					"@executable_path/Frameworks",
				);
				MARKETING_VERSION = 1.0;
				PRODUCT_BUNDLE_IDENTIFIER = ru.Yandex.Trasnport;
				PRODUCT_NAME = "$(TARGET_NAME)";
				SUPPORTED_PLATFORMS = "iphoneos iphonesimulator";
				SUPPORTS_MACCATALYST = NO;
				SUPPORTS_MAC_DESIGNED_FOR_IPHONE_IPAD = NO;
				SUPPORTS_XR_DESIGNED_FOR_IPHONE_IPAD = NO;
				SWIFT_EMIT_LOC_STRINGS = YES;
				SWIFT_VERSION = 5.0;
				TARGETED_DEVICE_FAMILY = 1;
			};
			name = Release;
		};
		8B44A4ED2E9D289F00A0697A /* Debug */ = {
			isa = XCBuildConfiguration;
			buildSettings = {
				BUNDLE_LOADER = "$(TEST_HOST)";
				CODE_SIGN_STYLE = Automatic;
				CURRENT_PROJECT_VERSION = 1;
				DEVELOPMENT_TEAM = AGM7Q5R798;
				GENERATE_INFOPLIST_FILE = YES;
				IPHONEOS_DEPLOYMENT_TARGET = 18.4;
				MARKETING_VERSION = 1.0;
				PRODUCT_BUNDLE_IDENTIFIER = ru.Yandex.TrasnportTests;
				PRODUCT_NAME = "$(TARGET_NAME)";
				SWIFT_EMIT_LOC_STRINGS = NO;
				SWIFT_VERSION = 5.0;
				TARGETED_DEVICE_FAMILY = "1,2";
				TEST_HOST = "$(BUILT_PRODUCTS_DIR)/Trasnport.app/$(BUNDLE_EXECUTABLE_FOLDER_PATH)/Trasnport";
			};
			name = Debug;
		};
		8B44A4EE2E9D289F00A0697A /* Release */ = {
			isa = XCBuildConfiguration;
			buildSettings = {
				BUNDLE_LOADER = "$(TEST_HOST)";
				CODE_SIGN_STYLE = Automatic;
				CURRENT_PROJECT_VERSION = 1;
				DEVELOPMENT_TEAM = AGM7Q5R798;
				GENERATE_INFOPLIST_FILE = YES;
				IPHONEOS_DEPLOYMENT_TARGET = 18.4;
				MARKETING_VERSION = 1.0;
				PRODUCT_BUNDLE_IDENTIFIER = ru.Yandex.TrasnportTests;
				PRODUCT_NAME = "$(TARGET_NAME)";
				SWIFT_EMIT_LOC_STRINGS = NO;
				SWIFT_VERSION = 5.0;
				TARGETED_DEVICE_FAMILY = "1,2";
				TEST_HOST = "$(BUILT_PRODUCTS_DIR)/Trasnport.app/$(BUNDLE_EXECUTABLE_FOLDER_PATH)/Trasnport";
			};
			name = Release;
		};
		8B44A4F02E9D289F00A0697A /* Debug */ = {
			isa = XCBuildConfiguration;
			buildSettings = {
				CODE_SIGN_STYLE = Automatic;
				CURRENT_PROJECT_VERSION = 1;
				DEVELOPMENT_TEAM = AGM7Q5R798;
				GENERATE_INFOPLIST_FILE = YES;
				MARKETING_VERSION = 1.0;
				PRODUCT_BUNDLE_IDENTIFIER = ru.Yandex.TrasnportUITests;
				PRODUCT_NAME = "$(TARGET_NAME)";
				SWIFT_EMIT_LOC_STRINGS = NO;
				SWIFT_VERSION = 5.0;
				TARGETED_DEVICE_FAMILY = "1,2";
				TEST_TARGET_NAME = Trasnport;
			};
			name = Debug;
		};
		8B44A4F12E9D289F00A0697A /* Release */ = {
			isa = XCBuildConfiguration;
			buildSettings = {
				CODE_SIGN_STYLE = Automatic;
				CURRENT_PROJECT_VERSION = 1;
				DEVELOPMENT_TEAM = AGM7Q5R798;
				GENERATE_INFOPLIST_FILE = YES;
				MARKETING_VERSION = 1.0;
				PRODUCT_BUNDLE_IDENTIFIER = ru.Yandex.TrasnportUITests;
				PRODUCT_NAME = "$(TARGET_NAME)";
				SWIFT_EMIT_LOC_STRINGS = NO;
				SWIFT_VERSION = 5.0;
				TARGETED_DEVICE_FAMILY = "1,2";
				TEST_TARGET_NAME = Trasnport;
			};
			name = Release;
		};
/* End XCBuildConfiguration section */

/* Begin XCConfigurationList section */
		8B44A4C32E9D289E00A0697A /* Build configuration list for PBXProject "Trasnport" */ = {
			isa = XCConfigurationList;
			buildConfigurations = (
				8B44A4E72E9D289F00A0697A /* Debug */,
				8B44A4E82E9D289F00A0697A /* Release */,
			);
			defaultConfigurationIsVisible = 0;
			defaultConfigurationName = Release;
		};
		8B44A4E92E9D289F00A0697A /* Build configuration list for PBXNativeTarget "Trasnport" */ = {
			isa = XCConfigurationList;
			buildConfigurations = (
				8B44A4EA2E9D289F00A0697A /* Debug */,
				8B44A4EB2E9D289F00A0697A /* Release */,
			);
			defaultConfigurationIsVisible = 0;
			defaultConfigurationName = Release;
		};
		8B44A4EC2E9D289F00A0697A /* Build configuration list for PBXNativeTarget "TrasnportTests" */ = {
			isa = XCConfigurationList;
			buildConfigurations = (
				8B44A4ED2E9D289F00A0697A /* Debug */,
				8B44A4EE2E9D289F00A0697A /* Release */,
			);
			defaultConfigurationIsVisible = 0;
			defaultConfigurationName = Release;
		};
		8B44A4EF2E9D289F00A0697A /* Build configuration list for PBXNativeTarget "TrasnportUITests" */ = {
			isa = XCConfigurationList;
			buildConfigurations = (
				8B44A4F02E9D289F00A0697A /* Debug */,
				8B44A4F12E9D289F00A0697A /* Release */,
			);
			defaultConfigurationIsVisible = 0;
			defaultConfigurationName = Release;
		};
/* End XCConfigurationList section */

/* Begin XCRemoteSwiftPackageReference section */
		8B44A4F22E9D2AB300A0697A /* XCRemoteSwiftPackageReference "swift-openapi-generator" */ = {
			isa = XCRemoteSwiftPackageReference;
			repositoryURL = "https://github.com/apple/swift-openapi-generator";
			requirement = {
				kind = upToNextMajorVersion;
				minimumVersion = 1.10.3;
			};
		};
		8B44A4F72E9D2AE300A0697A /* XCRemoteSwiftPackageReference "swift-openapi-runtime" */ = {
			isa = XCRemoteSwiftPackageReference;
			repositoryURL = "https://github.com/apple/swift-openapi-runtime";
			requirement = {
				kind = upToNextMajorVersion;
				minimumVersion = 1.8.3;
			};
		};
		8B44A4FA2E9D2B0200A0697A /* XCRemoteSwiftPackageReference "swift-openapi-urlsession" */ = {
			isa = XCRemoteSwiftPackageReference;
			repositoryURL = "https://github.com/apple/swift-openapi-urlsession";
			requirement = {
				kind = upToNextMajorVersion;
				minimumVersion = 1.2.0;
			};
		};
/* End XCRemoteSwiftPackageReference section */

/* Begin XCSwiftPackageProductDependency section */
		8B44A4F82E9D2AE300A0697A /* OpenAPIRuntime */ = {
			isa = XCSwiftPackageProductDependency;
			package = 8B44A4F72E9D2AE300A0697A /* XCRemoteSwiftPackageReference "swift-openapi-runtime" */;
			productName = OpenAPIRuntime;
		};
		8B44A4FB2E9D2B0200A0697A /* OpenAPIURLSession */ = {
			isa = XCSwiftPackageProductDependency;
			package = 8B44A4FA2E9D2B0200A0697A /* XCRemoteSwiftPackageReference "swift-openapi-urlsession" */;
			productName = OpenAPIURLSession;
		};
		8B44A4FF2E9D2B6C00A0697A /* OpenAPIGenerator */ = {
			isa = XCSwiftPackageProductDependency;
			package = 8B44A4F22E9D2AB300A0697A /* XCRemoteSwiftPackageReference "swift-openapi-generator" */;
			productName = "plugin:OpenAPIGenerator";
		};
/* End XCSwiftPackageProductDependency section */
	};
	rootObject = 8B44A4C02E9D289E00A0697A /* Project object */;
}
